
Microsoft Visual Studio Solution File, Format Version 12.00
Project("{FAE04EC0-301F-11D3-BF4B-00C04F79EFBC}") = "m3u8_downloader", "m3u8_downloader\m3u8_downloader.csproj", "{536DBD4B-C5FE-49A2-9EBC-DADEC522D258}"
EndProject
Global
	GlobalSection(SolutionConfigurationPlatforms) = preSolution
		Debug|Any CPU = Debug|Any CPU
		Release|Any CPU = Release|Any CPU
	EndGlobalSection
	GlobalSection(ProjectConfigurationPlatforms) = postSolution
		{536DBD4B-C5FE-49A2-9EBC-DADEC522D258}.Debug|Any CPU.ActiveCfg = Debug|Any CPU
		{536DBD4B-C5FE-49A2-9EBC-DADEC522D258}.Debug|Any CPU.Build.0 = Debug|Any CPU
		{536DBD4B-C5FE-49A2-9EBC-DADEC522D258}.Release|Any CPU.ActiveCfg = Release|Any CPU
		{536DBD4B-C5FE-49A2-9EBC-DADEC522D258}.Release|Any CPU.Build.0 = Release|Any CPU
	EndGlobalSection
EndGlobal
